
Microsoft Visual Studio Solution File, Format Version 12.00
# Visual Studio 15
VisualStudioVersion = 15.0.28307.902
MinimumVisualStudioVersion = 10.0.40219.1
Project("{8BC9CEB8-8B4A-11D0-8D11-00A0C91BC942}") = "Texter", "Texter\Texter.vcxproj", "{BC2A5267-628C-46AC-A4D7-0D7CC1D513DC}"
EndProject
Global
	GlobalSection(SolutionConfigurationPlatforms) = preSolution
		Debug|x86 = Debug|x86
		Release|x86 = Release|x86
	EndGlobalSection
	GlobalSection(ProjectConfigurationPlatforms) = postSolution
		{BC2A5267-628C-46AC-A4D7-0D7CC1D513DC}.Debug|x86.ActiveCfg = Debug|Win32
		{BC2A5267-628C-46AC-A4D7-0D7CC1D513DC}.Debug|x86.Build.0 = Debug|Win32
		{BC2A5267-628C-46AC-A4D7-0D7CC1D513DC}.Release|x86.ActiveCfg = Release|Win32
		{BC2A5267-628C-46AC-A4D7-0D7CC1D513DC}.Release|x86.Build.0 = Release|Win32
	EndGlobalSection
	GlobalSection(SolutionProperties) = preSolution
		HideSolutionNode = FALSE
	EndGlobalSection
	GlobalSection(ExtensibilityGlobals) = postSolution
		SolutionGuid = {9174B786-9D36-4075-8076-F5E3303236C2}
	EndGlobalSection
EndGlobal
