<?xml version="1.0" encoding="utf-8"?>
<Project ToolsVersion="4.0" xmlns="http://schemas.microsoft.com/developer/msbuild/2003">
  <ItemGroup>
    <Filter Include="Source Files">
      <UniqueIdentifier>{4FC737F1-C7A5-4376-A066-2A32D752A2FF}</UniqueIdentifier>
      <Extensions>cpp;c;cc;cxx;def;odl;idl;hpj;bat;asm;asmx</Extensions>
    </Filter>
    <Filter Include="Header Files">
      <UniqueIdentifier>{93995380-89BD-4b04-88EB-625FBE52EBFB}</UniqueIdentifier>
      <Extensions>h;hh;hpp;hxx;hm;inl;inc;ipp;xsd</Extensions>
    </Filter>
    <Filter Include="Resource Files">
      <UniqueIdentifier>{67DA6AB6-F800-4c08-8B7A-83BB121AAD01}</UniqueIdentifier>
      <Extensions>rc;ico;cur;bmp;dlg;rc2;rct;bin;rgs;gif;jpg;jpeg;jpe;resx;tiff;tif;png;wav;mfcribbon-ms</Extensions>
    </Filter>
  </ItemGroup>
  <ItemGroup>
    <ClCompile Include="TexterRenderer\Renderer.cpp">
      <Filter>Source Files</Filter>
    </ClCompile>
    <ClCompile Include="TexterRenderer\TextureClass\TextureBase.cpp">
      <Filter>Source Files</Filter>
    </ClCompile>
    <ClCompile Include="Main.cpp">
      <Filter>Source Files</Filter>
    </ClCompile>
    <ClCompile Include="TexterRenderer\ShaderCore\ShaderBase.cpp">
      <Filter>Source Files</Filter>
    </ClCompile>
    <ClCompile Include="TexterRenderer\ShaderCore\ShaderCore.cpp">
      <Filter>Header Files</Filter>
    </ClCompile>
    <ClCompile Include="TexterRenderer\TextureClass\TextureHelpers.cpp">
      <Filter>Source Files</Filter>
    </ClCompile>
    <ClCompile Include="TexterRenderer\TextureClass\TextureLibraries\stb_image\stb_image.cpp">
      <Filter>Source Files</Filter>
    </ClCompile>
    <ClCompile Include="TexterRenderer\VertexHelpers\VertexArray.cpp">
      <Filter>Source Files</Filter>
    </ClCompile>
    <ClCompile Include="TexterRenderer\VertexHelpers\VertexBuffer.cpp">
      <Filter>Source Files</Filter>
    </ClCompile>
    <ClCompile Include="TexterRenderer\VertexHelpers\IndexBufferHelpers.cpp">
      <Filter>Source Files</Filter>
    </ClCompile>
  </ItemGroup>
  <ItemGroup>
    <ClInclude Include="TexterRenderer\Renderer.h">
      <Filter>Header Files</Filter>
    </ClInclude>
    <ClInclude Include="TexterRenderer\VertexHelpers.h">
      <Filter>Header Files</Filter>
    </ClInclude>
    <ClInclude Include="TexterRenderer\indicesHelpers.h">
      <Filter>Header Files</Filter>
    </ClInclude>
    <ClInclude Include="TexterRenderer\VertexArrayObject.h">
      <Filter>Header Files</Filter>
    </ClInclude>
    <ClInclude Include="TexterRenderer\VertexBufferDescription.h">
      <Filter>Header Files</Filter>
    </ClInclude>
    <ClInclude Include="TexterRenderer\Texture\stb_image\stb_image.h">
      <Filter>Header Files</Filter>
    </ClInclude>
    <ClInclude Include="Renderer.h">
      <Filter>Header Files</Filter>
    </ClInclude>
    <ClInclude Include="TexterRenderer\ShaderCore\ShaderBase.h">
      <Filter>Header Files</Filter>
    </ClInclude>
    <ClInclude Include="TexterRenderer\TextureClass\TextureBase.h">
      <Filter>Header Files</Filter>
    </ClInclude>
    <ClInclude Include="TexterRenderer\TextureClass\TextureHelpers.h">
      <Filter>Header Files</Filter>
    </ClInclude>
    <ClInclude Include="TexterRenderer\ShaderCore\ShaderCore.h">
      <Filter>Header Files</Filter>
    </ClInclude>
    <ClInclude Include="TexterRenderer\TextureClass\TextureLibraries\stb_image\stb_image.h">
      <Filter>Header Files</Filter>
    </ClInclude>
    <ClInclude Include="Main.h">
      <Filter>Header Files</Filter>
    </ClInclude>
    <ClInclude Include="TexterRenderer\VertexHelpers\VertexArray.h">
      <Filter>Header Files</Filter>
    </ClInclude>
    <ClInclude Include="TexterRenderer\VertexHelpers\VertexBuffer.h">
      <Filter>Header Files</Filter>
    </ClInclude>
    <ClInclude Include="TexterRenderer\VertexHelpers\VertexBufferLayout.h">
      <Filter>Header Files</Filter>
    </ClInclude>
    <ClInclude Include="TexterRenderer\VertexHelpers\IndexBufferHelpers.h">
      <Filter>Header Files</Filter>
    </ClInclude>
    <ClInclude Include="TexterRenderer\VertexHelpers\Debug.h">
      <Filter>Header Files</Filter>
    </ClInclude>
  </ItemGroup>
  <ItemGroup>
    <None Include="res\shaders\FragShader.shader" />
    <None Include="res\shaders\FragShaderUniform.shader" />
    <None Include="res\shaders\VertShader.shader" />
    <None Include="Makefile" />
    <None Include="opengl.session" />
    <None Include="res\shaders\MainShader.shader" />
  </ItemGroup>
  <ItemGroup>
    <Image Include="res\textures\MaskTestImage.png">
      <Filter>Resource Files</Filter>
    </Image>
  </ItemGroup>
</Project>